{
  "nodes": {
    "devshell": {
      "inputs": {
        "flake-utils": [
          "flake-utils"
        ],
        "nixpkgs": [
          "nixpkgs"
        ]
      },
      "locked": {
        "lastModified": 1678798348,
        "narHash": "sha256-KuxtLYvu3J3n+mjaJrPukMuvalu3IuqTHQrn5/8YZc8=",
        "owner": "numtide",
        "repo": "devshell",
        "rev": "7d2b7bc76f2dde9b7e71284972522057c7741ae2",
        "type": "github"
      },
      "original": {
        "owner": "numtide",
        "repo": "devshell",
        "type": "github"
      }
    },
    "flake-utils": {
      "locked": {
        "lastModified": 1678901627,
        "narHash": "sha256-U02riOqrKKzwjsxc/400XnElV+UtPUQWpANPlyazjH0=",
        "owner": "numtide",
        "repo": "flake-utils",
        "rev": "93a2b84fc4b70d9e089d029deacc3583435c2ed6",
        "type": "github"
      },
      "original": {
        "owner": "numtide",
        "repo": "flake-utils",
        "type": "github"
      }
    },
    "nixpkgs": {
      "locked": {
        "lastModified": 1678951128,
        "narHash": "sha256-UcfF8/GyllRG/kfOcW/pr9s+YdoND430umc/MkfWpdk=",
        "owner": "nixos",
        "repo": "nixpkgs",
        "rev": "bf209075b7584ef4fe74db23a86f719555d31d49",
        "type": "github"
      },
      "original": {
        "owner": "nixos",
        "repo": "nixpkgs",
        "type": "github"
      }
    },
    "root": {
      "inputs": {
        "devshell": "devshell",
        "flake-utils": "flake-utils",
        "nixpkgs": "nixpkgs"
      }
    }
  },
  "root": "root",
  "version": 7
}
